
Microsoft Visual Studio Solution File, Format Version 12.00
# Visual Studio Version 17
VisualStudioVersion = 17.7.34003.232
MinimumVisualStudioVersion = 10.0.40219.1
Project("{9A19103F-16F7-4668-BE54-9A1E7A4F7556}") = "Stests.Database", "Stests.Database\Stests.Database.csproj", "{DB6EFB54-A26C-46AA-AF86-1EBE99C0558A}"
EndProject
Project("{FAE04EC0-301F-11D3-BF4B-00C04F79EFBC}") = "Stests.RegistrationLogic", "Stests.RegistrationLogic\Stests.RegistrationLogic.csproj", "{A979905C-9974-4167-92E9-2BAAF3A29490}"
EndProject
Project("{FAE04EC0-301F-11D3-BF4B-00C04F79EFBC}") = "Stests.LoginLogic", "Stests.LoginLogic\Stests.LoginLogic.csproj", "{E1161EA2-1D72-4C59-8955-E487214E0C28}"
EndProject
Project("{FAE04EC0-301F-11D3-BF4B-00C04F79EFBC}") = "Stests.GroupLoginLogic", "Stests.GroupLoginLogic\Stests.GroupLoginLogic.csproj", "{883EC3BF-0405-4DFB-9E61-820CE9F4BC6A}"
EndProject
Project("{FAE04EC0-301F-11D3-BF4B-00C04F79EFBC}") = "Stests.GroupCreationLogic", "Stests.GroupCreationLogic\Stests.GroupCreationLogic.csproj", "{8482B209-D0E9-4696-A559-D2B386087B58}"
EndProject
Project("{FAE04EC0-301F-11D3-BF4B-00C04F79EFBC}") = "Stests.GroupUpdateLogic", "Stests.GroupUpdateLogic\Stests.GroupUpdateLogic.csproj", "{4DB70C15-409B-494D-BE59-F2AA71EAE510}"
EndProject
Global
	GlobalSection(SolutionConfigurationPlatforms) = preSolution
		Debug|Any CPU = Debug|Any CPU
		Release|Any CPU = Release|Any CPU
	EndGlobalSection
	GlobalSection(ProjectConfigurationPlatforms) = postSolution
		{DB6EFB54-A26C-46AA-AF86-1EBE99C0558A}.Debug|Any CPU.ActiveCfg = Debug|Any CPU
		{DB6EFB54-A26C-46AA-AF86-1EBE99C0558A}.Debug|Any CPU.Build.0 = Debug|Any CPU
		{DB6EFB54-A26C-46AA-AF86-1EBE99C0558A}.Release|Any CPU.ActiveCfg = Release|Any CPU
		{DB6EFB54-A26C-46AA-AF86-1EBE99C0558A}.Release|Any CPU.Build.0 = Release|Any CPU
		{A979905C-9974-4167-92E9-2BAAF3A29490}.Debug|Any CPU.ActiveCfg = Debug|Any CPU
		{A979905C-9974-4167-92E9-2BAAF3A29490}.Debug|Any CPU.Build.0 = Debug|Any CPU
		{A979905C-9974-4167-92E9-2BAAF3A29490}.Release|Any CPU.ActiveCfg = Release|Any CPU
		{A979905C-9974-4167-92E9-2BAAF3A29490}.Release|Any CPU.Build.0 = Release|Any CPU
		{E1161EA2-1D72-4C59-8955-E487214E0C28}.Debug|Any CPU.ActiveCfg = Debug|Any CPU
		{E1161EA2-1D72-4C59-8955-E487214E0C28}.Debug|Any CPU.Build.0 = Debug|Any CPU
		{E1161EA2-1D72-4C59-8955-E487214E0C28}.Release|Any CPU.ActiveCfg = Release|Any CPU
		{E1161EA2-1D72-4C59-8955-E487214E0C28}.Release|Any CPU.Build.0 = Release|Any CPU
		{883EC3BF-0405-4DFB-9E61-820CE9F4BC6A}.Debug|Any CPU.ActiveCfg = Debug|Any CPU
		{883EC3BF-0405-4DFB-9E61-820CE9F4BC6A}.Debug|Any CPU.Build.0 = Debug|Any CPU
		{883EC3BF-0405-4DFB-9E61-820CE9F4BC6A}.Release|Any CPU.ActiveCfg = Release|Any CPU
		{883EC3BF-0405-4DFB-9E61-820CE9F4BC6A}.Release|Any CPU.Build.0 = Release|Any CPU
		{8482B209-D0E9-4696-A559-D2B386087B58}.Debug|Any CPU.ActiveCfg = Debug|Any CPU
		{8482B209-D0E9-4696-A559-D2B386087B58}.Debug|Any CPU.Build.0 = Debug|Any CPU
		{8482B209-D0E9-4696-A559-D2B386087B58}.Release|Any CPU.ActiveCfg = Release|Any CPU
		{8482B209-D0E9-4696-A559-D2B386087B58}.Release|Any CPU.Build.0 = Release|Any CPU
		{4DB70C15-409B-494D-BE59-F2AA71EAE510}.Debug|Any CPU.ActiveCfg = Debug|Any CPU
		{4DB70C15-409B-494D-BE59-F2AA71EAE510}.Debug|Any CPU.Build.0 = Debug|Any CPU
		{4DB70C15-409B-494D-BE59-F2AA71EAE510}.Release|Any CPU.ActiveCfg = Release|Any CPU
		{4DB70C15-409B-494D-BE59-F2AA71EAE510}.Release|Any CPU.Build.0 = Release|Any CPU
	EndGlobalSection
	GlobalSection(SolutionProperties) = preSolution
		HideSolutionNode = FALSE
	EndGlobalSection
	GlobalSection(ExtensibilityGlobals) = postSolution
		SolutionGuid = {3D132832-4FEB-47AC-911D-EA9821EED784}
	EndGlobalSection
EndGlobal
