
Microsoft Visual Studio Solution File, Format Version 12.00
# Visual Studio Version 17
VisualStudioVersion = 17.7.34003.232
MinimumVisualStudioVersion = 10.0.40219.1
Project("{9A19103F-16F7-4668-BE54-9A1E7A4F7556}") = "Stests.LoginForm", "Stests.LoginForm\Stests.LoginForm.csproj", "{68FA5B09-9C21-4761-A949-8299405DCA65}"
EndProject
Global
	GlobalSection(SolutionConfigurationPlatforms) = preSolution
		Debug|Any CPU = Debug|Any CPU
		Release|Any CPU = Release|Any CPU
	EndGlobalSection
	GlobalSection(ProjectConfigurationPlatforms) = postSolution
		{68FA5B09-9C21-4761-A949-8299405DCA65}.Debug|Any CPU.ActiveCfg = Debug|Any CPU
		{68FA5B09-9C21-4761-A949-8299405DCA65}.Debug|Any CPU.Build.0 = Debug|Any CPU
		{68FA5B09-9C21-4761-A949-8299405DCA65}.Release|Any CPU.ActiveCfg = Release|Any CPU
		{68FA5B09-9C21-4761-A949-8299405DCA65}.Release|Any CPU.Build.0 = Release|Any CPU
	EndGlobalSection
	GlobalSection(SolutionProperties) = preSolution
		HideSolutionNode = FALSE
	EndGlobalSection
	GlobalSection(ExtensibilityGlobals) = postSolution
		SolutionGuid = {FACACBF8-2CCF-4EB5-A53B-40154656E79A}
	EndGlobalSection
EndGlobal
