
Microsoft Visual Studio Solution File, Format Version 12.00
# Visual Studio Version 17
VisualStudioVersion = 17.7.34003.232
MinimumVisualStudioVersion = 10.0.40219.1
Project("{9A19103F-16F7-4668-BE54-9A1E7A4F7556}") = "Stests.LoginForm", "Stests.LoginForm\Stests.LoginForm.csproj", "{68FA5B09-9C21-4761-A949-8299405DCA65}"
EndProject
Project("{9A19103F-16F7-4668-BE54-9A1E7A4F7556}") = "Stests.RegistrationForm", "Stests.RegistrationForm\Stests.RegistrationForm.csproj", "{044A1855-B4B7-4A6D-9D33-12CE5A59B76F}"
EndProject
Project("{9A19103F-16F7-4668-BE54-9A1E7A4F7556}") = "Stests.GroupLoginForm", "..\Stests.GroupLoginForm\Stests.GroupLoginForm\Stests.GroupLoginForm.csproj", "{8A631013-A784-44D2-B4F9-AD1B336C8E91}"
EndProject
Project("{9A19103F-16F7-4668-BE54-9A1E7A4F7556}") = "Stests.RestorePasswordForm", "Stests.RestorePasswordForm\Stests.RestorePasswordForm.csproj", "{CDF88ACD-63F2-4AE6-9674-D2E03F115F62}"
EndProject
Project("{9A19103F-16F7-4668-BE54-9A1E7A4F7556}") = "Stests.ManageStudyGroup", "Stests.ManageStudyGroup\Stests.ManageStudyGroup.csproj", "{56C44987-BCC1-40A8-A37F-EDEC3C05B80F}"
EndProject
Project("{9A19103F-16F7-4668-BE54-9A1E7A4F7556}") = "Stests.DisplayUsersInGroupControl", "Stests.DisplayUsersInGroupControl\Stests.DisplayUsersInGroupControl.csproj", "{5A0E3D62-B5E6-42E5-B600-F16336BDF88C}"
EndProject
Project("{9A19103F-16F7-4668-BE54-9A1E7A4F7556}") = "Stests.UserInGroupControl", "Stests.UserInGroupControl\Stests.UserInGroupControl.csproj", "{8D07321C-C64D-441F-81D0-7AF3418BC013}"
EndProject
Project("{9A19103F-16F7-4668-BE54-9A1E7A4F7556}") = "Stests.DisplayTests", "Stests.DisplayTests\Stests.DisplayTests.csproj", "{8C34892A-4AEC-4964-A5A9-C27C92AE475D}"
EndProject
Project("{9A19103F-16F7-4668-BE54-9A1E7A4F7556}") = "Stests.DisplayTestsControl", "Stests.DisplayTestsControl\Stests.DisplayTestsControl.csproj", "{256C497F-A43A-47DD-B30F-AF47C366E6F1}"
EndProject
Project("{9A19103F-16F7-4668-BE54-9A1E7A4F7556}") = "TestInfoControl", "TestInfoControl\TestInfoControl.csproj", "{BEBDF748-5814-4D86-B715-41AC48027523}"
EndProject
Project("{9A19103F-16F7-4668-BE54-9A1E7A4F7556}") = "Stests.EditInfoForm", "Stests.EditInfoForm\Stests.EditInfoForm.csproj", "{83124FDF-36B0-4E83-A9B6-05AFCF88491E}"
EndProject
Project("{9A19103F-16F7-4668-BE54-9A1E7A4F7556}") = "Stests.DisplayGradesForm", "Stests.DisplayGradesForm\Stests.DisplayGradesForm.csproj", "{915F9D37-F6A0-46B0-8AFC-5A5F86EFB7EB}"
EndProject
Project("{9A19103F-16F7-4668-BE54-9A1E7A4F7556}") = "Stests.DisplayGradesControl", "Stests.DisplayGradesControl\Stests.DisplayGradesControl.csproj", "{81A34EA6-C872-4C53-AF6C-D02EB2E0E03B}"
EndProject
Project("{9A19103F-16F7-4668-BE54-9A1E7A4F7556}") = "Stests.GradeControl", "Stests.GradeControl\Stests.GradeControl.csproj", "{4C810A38-8056-487C-9686-9E7F35FFDF59}"
EndProject
Project("{9A19103F-16F7-4668-BE54-9A1E7A4F7556}") = "DisplayAnswersControl", "DisplayAnswersControl\DisplayAnswersControl.csproj", "{68D8AA23-D426-4133-87D2-5CC6AF10D235}"
EndProject
Project("{9A19103F-16F7-4668-BE54-9A1E7A4F7556}") = "Stests.AnswerControl", "Stests.AnswerControl\Stests.AnswerControl.csproj", "{C825D81C-C15D-4294-BD3A-5A8FB98B1599}"
EndProject
Project("{9A19103F-16F7-4668-BE54-9A1E7A4F7556}") = "Stests.LoginLogic", "..\Stests.BusinessLogic\Stests.LoginLogic\Stests.LoginLogic.csproj", "{82E2A1C8-96A5-47CE-85F2-49A9DA7C8213}"
EndProject
Project("{2150E333-8FDC-42A3-9474-1A3956D46DE8}") = "Forms", "Forms", "{34938D7A-495B-4A0F-9BD4-4E561BF4D5F8}"
EndProject
Project("{2150E333-8FDC-42A3-9474-1A3956D46DE8}") = "Database", "Database", "{E948C31A-078A-44C7-B1CA-E859821C0C3D}"
EndProject
Project("{2150E333-8FDC-42A3-9474-1A3956D46DE8}") = "Logic", "Logic", "{9598B403-1DDD-4FE4-8011-2E507829D760}"
EndProject
Project("{9A19103F-16F7-4668-BE54-9A1E7A4F7556}") = "Stests.Database", "..\Stests.BusinessLogic\Stests.Database\Stests.Database.csproj", "{627CF963-BEA5-455F-BB69-B0A0B1399320}"
EndProject
Project("{9A19103F-16F7-4668-BE54-9A1E7A4F7556}") = "Stests.GroupCreationLogic", "..\Stests.BusinessLogic\Stests.GroupCreationLogic\Stests.GroupCreationLogic.csproj", "{E5600FD0-C5F6-4ED6-8817-603C0207B7D8}"
EndProject
Project("{9A19103F-16F7-4668-BE54-9A1E7A4F7556}") = "Stests.GroupLoginLogic", "..\Stests.BusinessLogic\Stests.GroupLoginLogic\Stests.GroupLoginLogic.csproj", "{ED57E578-6B50-47DF-A563-203C96F8F95C}"
EndProject
Project("{9A19103F-16F7-4668-BE54-9A1E7A4F7556}") = "Stests.GroupUpdateLogic", "..\Stests.BusinessLogic\Stests.GroupUpdateLogic\Stests.GroupUpdateLogic.csproj", "{4AB96B97-2867-4449-B7A4-7CED60E5FF9A}"
EndProject
Project("{9A19103F-16F7-4668-BE54-9A1E7A4F7556}") = "Stests.RegistrationLogic", "..\Stests.BusinessLogic\Stests.RegistrationLogic\Stests.RegistrationLogic.csproj", "{73097A8C-E215-41C2-B5AC-1E7F5A9CCE81}"
EndProject
Global
	GlobalSection(SolutionConfigurationPlatforms) = preSolution
		Debug|Any CPU = Debug|Any CPU
		Release|Any CPU = Release|Any CPU
	EndGlobalSection
	GlobalSection(ProjectConfigurationPlatforms) = postSolution
		{68FA5B09-9C21-4761-A949-8299405DCA65}.Debug|Any CPU.ActiveCfg = Debug|Any CPU
		{68FA5B09-9C21-4761-A949-8299405DCA65}.Debug|Any CPU.Build.0 = Debug|Any CPU
		{68FA5B09-9C21-4761-A949-8299405DCA65}.Release|Any CPU.ActiveCfg = Release|Any CPU
		{68FA5B09-9C21-4761-A949-8299405DCA65}.Release|Any CPU.Build.0 = Release|Any CPU
		{044A1855-B4B7-4A6D-9D33-12CE5A59B76F}.Debug|Any CPU.ActiveCfg = Debug|Any CPU
		{044A1855-B4B7-4A6D-9D33-12CE5A59B76F}.Debug|Any CPU.Build.0 = Debug|Any CPU
		{044A1855-B4B7-4A6D-9D33-12CE5A59B76F}.Release|Any CPU.ActiveCfg = Release|Any CPU
		{044A1855-B4B7-4A6D-9D33-12CE5A59B76F}.Release|Any CPU.Build.0 = Release|Any CPU
		{8A631013-A784-44D2-B4F9-AD1B336C8E91}.Debug|Any CPU.ActiveCfg = Debug|Any CPU
		{8A631013-A784-44D2-B4F9-AD1B336C8E91}.Debug|Any CPU.Build.0 = Debug|Any CPU
		{8A631013-A784-44D2-B4F9-AD1B336C8E91}.Release|Any CPU.ActiveCfg = Release|Any CPU
		{8A631013-A784-44D2-B4F9-AD1B336C8E91}.Release|Any CPU.Build.0 = Release|Any CPU
		{CDF88ACD-63F2-4AE6-9674-D2E03F115F62}.Debug|Any CPU.ActiveCfg = Debug|Any CPU
		{CDF88ACD-63F2-4AE6-9674-D2E03F115F62}.Debug|Any CPU.Build.0 = Debug|Any CPU
		{CDF88ACD-63F2-4AE6-9674-D2E03F115F62}.Release|Any CPU.ActiveCfg = Release|Any CPU
		{CDF88ACD-63F2-4AE6-9674-D2E03F115F62}.Release|Any CPU.Build.0 = Release|Any CPU
		{56C44987-BCC1-40A8-A37F-EDEC3C05B80F}.Debug|Any CPU.ActiveCfg = Debug|Any CPU
		{56C44987-BCC1-40A8-A37F-EDEC3C05B80F}.Debug|Any CPU.Build.0 = Debug|Any CPU
		{56C44987-BCC1-40A8-A37F-EDEC3C05B80F}.Release|Any CPU.ActiveCfg = Release|Any CPU
		{56C44987-BCC1-40A8-A37F-EDEC3C05B80F}.Release|Any CPU.Build.0 = Release|Any CPU
		{5A0E3D62-B5E6-42E5-B600-F16336BDF88C}.Debug|Any CPU.ActiveCfg = Debug|Any CPU
		{5A0E3D62-B5E6-42E5-B600-F16336BDF88C}.Debug|Any CPU.Build.0 = Debug|Any CPU
		{5A0E3D62-B5E6-42E5-B600-F16336BDF88C}.Release|Any CPU.ActiveCfg = Release|Any CPU
		{5A0E3D62-B5E6-42E5-B600-F16336BDF88C}.Release|Any CPU.Build.0 = Release|Any CPU
		{8D07321C-C64D-441F-81D0-7AF3418BC013}.Debug|Any CPU.ActiveCfg = Debug|Any CPU
		{8D07321C-C64D-441F-81D0-7AF3418BC013}.Debug|Any CPU.Build.0 = Debug|Any CPU
		{8D07321C-C64D-441F-81D0-7AF3418BC013}.Release|Any CPU.ActiveCfg = Release|Any CPU
		{8D07321C-C64D-441F-81D0-7AF3418BC013}.Release|Any CPU.Build.0 = Release|Any CPU
		{8C34892A-4AEC-4964-A5A9-C27C92AE475D}.Debug|Any CPU.ActiveCfg = Debug|Any CPU
		{8C34892A-4AEC-4964-A5A9-C27C92AE475D}.Debug|Any CPU.Build.0 = Debug|Any CPU
		{8C34892A-4AEC-4964-A5A9-C27C92AE475D}.Release|Any CPU.ActiveCfg = Release|Any CPU
		{8C34892A-4AEC-4964-A5A9-C27C92AE475D}.Release|Any CPU.Build.0 = Release|Any CPU
		{256C497F-A43A-47DD-B30F-AF47C366E6F1}.Debug|Any CPU.ActiveCfg = Debug|Any CPU
		{256C497F-A43A-47DD-B30F-AF47C366E6F1}.Debug|Any CPU.Build.0 = Debug|Any CPU
		{256C497F-A43A-47DD-B30F-AF47C366E6F1}.Release|Any CPU.ActiveCfg = Release|Any CPU
		{256C497F-A43A-47DD-B30F-AF47C366E6F1}.Release|Any CPU.Build.0 = Release|Any CPU
		{BEBDF748-5814-4D86-B715-41AC48027523}.Debug|Any CPU.ActiveCfg = Debug|Any CPU
		{BEBDF748-5814-4D86-B715-41AC48027523}.Debug|Any CPU.Build.0 = Debug|Any CPU
		{BEBDF748-5814-4D86-B715-41AC48027523}.Release|Any CPU.ActiveCfg = Release|Any CPU
		{BEBDF748-5814-4D86-B715-41AC48027523}.Release|Any CPU.Build.0 = Release|Any CPU
		{83124FDF-36B0-4E83-A9B6-05AFCF88491E}.Debug|Any CPU.ActiveCfg = Debug|Any CPU
		{83124FDF-36B0-4E83-A9B6-05AFCF88491E}.Debug|Any CPU.Build.0 = Debug|Any CPU
		{83124FDF-36B0-4E83-A9B6-05AFCF88491E}.Release|Any CPU.ActiveCfg = Release|Any CPU
		{83124FDF-36B0-4E83-A9B6-05AFCF88491E}.Release|Any CPU.Build.0 = Release|Any CPU
		{915F9D37-F6A0-46B0-8AFC-5A5F86EFB7EB}.Debug|Any CPU.ActiveCfg = Debug|Any CPU
		{915F9D37-F6A0-46B0-8AFC-5A5F86EFB7EB}.Debug|Any CPU.Build.0 = Debug|Any CPU
		{915F9D37-F6A0-46B0-8AFC-5A5F86EFB7EB}.Release|Any CPU.ActiveCfg = Release|Any CPU
		{915F9D37-F6A0-46B0-8AFC-5A5F86EFB7EB}.Release|Any CPU.Build.0 = Release|Any CPU
		{81A34EA6-C872-4C53-AF6C-D02EB2E0E03B}.Debug|Any CPU.ActiveCfg = Debug|Any CPU
		{81A34EA6-C872-4C53-AF6C-D02EB2E0E03B}.Debug|Any CPU.Build.0 = Debug|Any CPU
		{81A34EA6-C872-4C53-AF6C-D02EB2E0E03B}.Release|Any CPU.ActiveCfg = Release|Any CPU
		{81A34EA6-C872-4C53-AF6C-D02EB2E0E03B}.Release|Any CPU.Build.0 = Release|Any CPU
		{4C810A38-8056-487C-9686-9E7F35FFDF59}.Debug|Any CPU.ActiveCfg = Debug|Any CPU
		{4C810A38-8056-487C-9686-9E7F35FFDF59}.Debug|Any CPU.Build.0 = Debug|Any CPU
		{4C810A38-8056-487C-9686-9E7F35FFDF59}.Release|Any CPU.ActiveCfg = Release|Any CPU
		{4C810A38-8056-487C-9686-9E7F35FFDF59}.Release|Any CPU.Build.0 = Release|Any CPU
		{68D8AA23-D426-4133-87D2-5CC6AF10D235}.Debug|Any CPU.ActiveCfg = Debug|Any CPU
		{68D8AA23-D426-4133-87D2-5CC6AF10D235}.Debug|Any CPU.Build.0 = Debug|Any CPU
		{68D8AA23-D426-4133-87D2-5CC6AF10D235}.Release|Any CPU.ActiveCfg = Release|Any CPU
		{68D8AA23-D426-4133-87D2-5CC6AF10D235}.Release|Any CPU.Build.0 = Release|Any CPU
		{C825D81C-C15D-4294-BD3A-5A8FB98B1599}.Debug|Any CPU.ActiveCfg = Debug|Any CPU
		{C825D81C-C15D-4294-BD3A-5A8FB98B1599}.Debug|Any CPU.Build.0 = Debug|Any CPU
		{C825D81C-C15D-4294-BD3A-5A8FB98B1599}.Release|Any CPU.ActiveCfg = Release|Any CPU
		{C825D81C-C15D-4294-BD3A-5A8FB98B1599}.Release|Any CPU.Build.0 = Release|Any CPU
		{82E2A1C8-96A5-47CE-85F2-49A9DA7C8213}.Debug|Any CPU.ActiveCfg = Debug|Any CPU
		{82E2A1C8-96A5-47CE-85F2-49A9DA7C8213}.Debug|Any CPU.Build.0 = Debug|Any CPU
		{82E2A1C8-96A5-47CE-85F2-49A9DA7C8213}.Release|Any CPU.ActiveCfg = Release|Any CPU
		{82E2A1C8-96A5-47CE-85F2-49A9DA7C8213}.Release|Any CPU.Build.0 = Release|Any CPU
		{627CF963-BEA5-455F-BB69-B0A0B1399320}.Debug|Any CPU.ActiveCfg = Debug|Any CPU
		{627CF963-BEA5-455F-BB69-B0A0B1399320}.Debug|Any CPU.Build.0 = Debug|Any CPU
		{627CF963-BEA5-455F-BB69-B0A0B1399320}.Release|Any CPU.ActiveCfg = Release|Any CPU
		{627CF963-BEA5-455F-BB69-B0A0B1399320}.Release|Any CPU.Build.0 = Release|Any CPU
		{E5600FD0-C5F6-4ED6-8817-603C0207B7D8}.Debug|Any CPU.ActiveCfg = Debug|Any CPU
		{E5600FD0-C5F6-4ED6-8817-603C0207B7D8}.Debug|Any CPU.Build.0 = Debug|Any CPU
		{E5600FD0-C5F6-4ED6-8817-603C0207B7D8}.Release|Any CPU.ActiveCfg = Release|Any CPU
		{E5600FD0-C5F6-4ED6-8817-603C0207B7D8}.Release|Any CPU.Build.0 = Release|Any CPU
		{ED57E578-6B50-47DF-A563-203C96F8F95C}.Debug|Any CPU.ActiveCfg = Debug|Any CPU
		{ED57E578-6B50-47DF-A563-203C96F8F95C}.Debug|Any CPU.Build.0 = Debug|Any CPU
		{ED57E578-6B50-47DF-A563-203C96F8F95C}.Release|Any CPU.ActiveCfg = Release|Any CPU
		{ED57E578-6B50-47DF-A563-203C96F8F95C}.Release|Any CPU.Build.0 = Release|Any CPU
		{4AB96B97-2867-4449-B7A4-7CED60E5FF9A}.Debug|Any CPU.ActiveCfg = Debug|Any CPU
		{4AB96B97-2867-4449-B7A4-7CED60E5FF9A}.Debug|Any CPU.Build.0 = Debug|Any CPU
		{4AB96B97-2867-4449-B7A4-7CED60E5FF9A}.Release|Any CPU.ActiveCfg = Release|Any CPU
		{4AB96B97-2867-4449-B7A4-7CED60E5FF9A}.Release|Any CPU.Build.0 = Release|Any CPU
		{73097A8C-E215-41C2-B5AC-1E7F5A9CCE81}.Debug|Any CPU.ActiveCfg = Debug|Any CPU
		{73097A8C-E215-41C2-B5AC-1E7F5A9CCE81}.Debug|Any CPU.Build.0 = Debug|Any CPU
		{73097A8C-E215-41C2-B5AC-1E7F5A9CCE81}.Release|Any CPU.ActiveCfg = Release|Any CPU
		{73097A8C-E215-41C2-B5AC-1E7F5A9CCE81}.Release|Any CPU.Build.0 = Release|Any CPU
	EndGlobalSection
	GlobalSection(SolutionProperties) = preSolution
		HideSolutionNode = FALSE
	EndGlobalSection
	GlobalSection(NestedProjects) = preSolution
		{68FA5B09-9C21-4761-A949-8299405DCA65} = {34938D7A-495B-4A0F-9BD4-4E561BF4D5F8}
		{044A1855-B4B7-4A6D-9D33-12CE5A59B76F} = {34938D7A-495B-4A0F-9BD4-4E561BF4D5F8}
		{8A631013-A784-44D2-B4F9-AD1B336C8E91} = {34938D7A-495B-4A0F-9BD4-4E561BF4D5F8}
		{CDF88ACD-63F2-4AE6-9674-D2E03F115F62} = {34938D7A-495B-4A0F-9BD4-4E561BF4D5F8}
		{56C44987-BCC1-40A8-A37F-EDEC3C05B80F} = {34938D7A-495B-4A0F-9BD4-4E561BF4D5F8}
		{5A0E3D62-B5E6-42E5-B600-F16336BDF88C} = {34938D7A-495B-4A0F-9BD4-4E561BF4D5F8}
		{8D07321C-C64D-441F-81D0-7AF3418BC013} = {34938D7A-495B-4A0F-9BD4-4E561BF4D5F8}
		{8C34892A-4AEC-4964-A5A9-C27C92AE475D} = {34938D7A-495B-4A0F-9BD4-4E561BF4D5F8}
		{256C497F-A43A-47DD-B30F-AF47C366E6F1} = {34938D7A-495B-4A0F-9BD4-4E561BF4D5F8}
		{BEBDF748-5814-4D86-B715-41AC48027523} = {34938D7A-495B-4A0F-9BD4-4E561BF4D5F8}
		{83124FDF-36B0-4E83-A9B6-05AFCF88491E} = {34938D7A-495B-4A0F-9BD4-4E561BF4D5F8}
		{915F9D37-F6A0-46B0-8AFC-5A5F86EFB7EB} = {34938D7A-495B-4A0F-9BD4-4E561BF4D5F8}
		{81A34EA6-C872-4C53-AF6C-D02EB2E0E03B} = {34938D7A-495B-4A0F-9BD4-4E561BF4D5F8}
		{4C810A38-8056-487C-9686-9E7F35FFDF59} = {34938D7A-495B-4A0F-9BD4-4E561BF4D5F8}
		{68D8AA23-D426-4133-87D2-5CC6AF10D235} = {34938D7A-495B-4A0F-9BD4-4E561BF4D5F8}
		{C825D81C-C15D-4294-BD3A-5A8FB98B1599} = {34938D7A-495B-4A0F-9BD4-4E561BF4D5F8}
		{82E2A1C8-96A5-47CE-85F2-49A9DA7C8213} = {9598B403-1DDD-4FE4-8011-2E507829D760}
		{627CF963-BEA5-455F-BB69-B0A0B1399320} = {E948C31A-078A-44C7-B1CA-E859821C0C3D}
		{E5600FD0-C5F6-4ED6-8817-603C0207B7D8} = {9598B403-1DDD-4FE4-8011-2E507829D760}
		{ED57E578-6B50-47DF-A563-203C96F8F95C} = {9598B403-1DDD-4FE4-8011-2E507829D760}
		{4AB96B97-2867-4449-B7A4-7CED60E5FF9A} = {9598B403-1DDD-4FE4-8011-2E507829D760}
		{73097A8C-E215-41C2-B5AC-1E7F5A9CCE81} = {9598B403-1DDD-4FE4-8011-2E507829D760}
	EndGlobalSection
	GlobalSection(ExtensibilityGlobals) = postSolution
		SolutionGuid = {FACACBF8-2CCF-4EB5-A53B-40154656E79A}
	EndGlobalSection
EndGlobal
